// !$*UTF8*$!
{
	archiveVersion = 1;
	classes = {
	};
	objectVersion = 56;
	objects = {

/* Begin PBXBuildFile section */
		DD09348C2C245FE300FD84FF /* ContactsViewModel.swift in Sources */ = {isa = PBXBuildFile; fileRef = DD09348B2C245FE300FD84FF /* ContactsViewModel.swift */; };
		DD0991202C1A36DF009DEBA0 /* ContactsApp.xcdatamodeld in Sources */ = {isa = PBXBuildFile; fileRef = DD09911E2C1A36DF009DEBA0 /* ContactsApp.xcdatamodeld */; };
		DD0991232C1A37F0009DEBA0 /* Contact+CoreDataClass.swift in Sources */ = {isa = PBXBuildFile; fileRef = DD0991212C1A37F0009DEBA0 /* Contact+CoreDataClass.swift */; };
		DD0991242C1A37F0009DEBA0 /* Contact+CoreDataProperties.swift in Sources */ = {isa = PBXBuildFile; fileRef = DD0991222C1A37F0009DEBA0 /* Contact+CoreDataProperties.swift */; };
		DD0DB21A2C24A6880058A001 /* NotificationNames.swift in Sources */ = {isa = PBXBuildFile; fileRef = DD0DB2192C24A6880058A001 /* NotificationNames.swift */; };
		DD12234A2C10CF9300A5C93B /* AppDelegate.swift in Sources */ = {isa = PBXBuildFile; fileRef = DD1223492C10CF9300A5C93B /* AppDelegate.swift */; };
		DD12234C2C10CF9300A5C93B /* SceneDelegate.swift in Sources */ = {isa = PBXBuildFile; fileRef = DD12234B2C10CF9300A5C93B /* SceneDelegate.swift */; };
		DD12234E2C10CF9300A5C93B /* ViewController.swift in Sources */ = {isa = PBXBuildFile; fileRef = DD12234D2C10CF9300A5C93B /* ViewController.swift */; };
		DD1223512C10CF9300A5C93B /* Base in Resources */ = {isa = PBXBuildFile; fileRef = DD1223502C10CF9300A5C93B /* Base */; };
		DD1223562C10CF9400A5C93B /* Assets.xcassets in Resources */ = {isa = PBXBuildFile; fileRef = DD1223552C10CF9400A5C93B /* Assets.xcassets */; };
		DD1223592C10CF9400A5C93B /* Base in Resources */ = {isa = PBXBuildFile; fileRef = DD1223582C10CF9400A5C93B /* Base */; };
		DD1223642C10CF9500A5C93B /* ContactsAppTests.swift in Sources */ = {isa = PBXBuildFile; fileRef = DD1223632C10CF9500A5C93B /* ContactsAppTests.swift */; };
		DD12236E2C10CF9500A5C93B /* ContactsAppUITests.swift in Sources */ = {isa = PBXBuildFile; fileRef = DD12236D2C10CF9500A5C93B /* ContactsAppUITests.swift */; };
		DD1223702C10CF9500A5C93B /* ContactsAppUITestsLaunchTests.swift in Sources */ = {isa = PBXBuildFile; fileRef = DD12236F2C10CF9500A5C93B /* ContactsAppUITestsLaunchTests.swift */; };
		DD72B98D2C18C998003FBB46 /* CoreDataService.swift in Sources */ = {isa = PBXBuildFile; fileRef = DD72B98C2C18C998003FBB46 /* CoreDataService.swift */; };
/* End PBXBuildFile section */

/* Begin PBXContainerItemProxy section */
		DD1223602C10CF9500A5C93B /* PBXContainerItemProxy */ = {
			isa = PBXContainerItemProxy;
			containerPortal = DD12233E2C10CF9300A5C93B /* Project object */;
			proxyType = 1;
			remoteGlobalIDString = DD1223452C10CF9300A5C93B;
			remoteInfo = ContactsApp;
		};
		DD12236A2C10CF9500A5C93B /* PBXContainerItemProxy */ = {
			isa = PBXContainerItemProxy;
			containerPortal = DD12233E2C10CF9300A5C93B /* Project object */;
			proxyType = 1;
			remoteGlobalIDString = DD1223452C10CF9300A5C93B;
			remoteInfo = ContactsApp;
		};
/* End PBXContainerItemProxy section */

/* Begin PBXFileReference section */
		DD09348B2C245FE300FD84FF /* ContactsViewModel.swift */ = {isa = PBXFileReference; lastKnownFileType = sourcecode.swift; path = ContactsViewModel.swift; sourceTree = "<group>"; };
		DD09911F2C1A36DF009DEBA0 /* ContactsApp.xcdatamodel */ = {isa = PBXFileReference; lastKnownFileType = wrapper.xcdatamodel; path = ContactsApp.xcdatamodel; sourceTree = "<group>"; };
		DD0991212C1A37F0009DEBA0 /* Contact+CoreDataClass.swift */ = {isa = PBXFileReference; lastKnownFileType = sourcecode.swift; path = "Contact+CoreDataClass.swift"; sourceTree = "<group>"; };
		DD0991222C1A37F0009DEBA0 /* Contact+CoreDataProperties.swift */ = {isa = PBXFileReference; lastKnownFileType = sourcecode.swift; path = "Contact+CoreDataProperties.swift"; sourceTree = "<group>"; };
		DD0DB2192C24A6880058A001 /* NotificationNames.swift */ = {isa = PBXFileReference; lastKnownFileType = sourcecode.swift; path = NotificationNames.swift; sourceTree = "<group>"; };
		DD1223462C10CF9300A5C93B /* ContactsApp.app */ = {isa = PBXFileReference; explicitFileType = wrapper.application; includeInIndex = 0; path = ContactsApp.app; sourceTree = BUILT_PRODUCTS_DIR; };
		DD1223492C10CF9300A5C93B /* AppDelegate.swift */ = {isa = PBXFileReference; lastKnownFileType = sourcecode.swift; path = AppDelegate.swift; sourceTree = "<group>"; };
		DD12234B2C10CF9300A5C93B /* SceneDelegate.swift */ = {isa = PBXFileReference; lastKnownFileType = sourcecode.swift; path = SceneDelegate.swift; sourceTree = "<group>"; };
		DD12234D2C10CF9300A5C93B /* ViewController.swift */ = {isa = PBXFileReference; lastKnownFileType = sourcecode.swift; path = ViewController.swift; sourceTree = "<group>"; };
		DD1223502C10CF9300A5C93B /* Base */ = {isa = PBXFileReference; lastKnownFileType = file.storyboard; name = Base; path = Base.lproj/Main.storyboard; sourceTree = "<group>"; };
		DD1223552C10CF9400A5C93B /* Assets.xcassets */ = {isa = PBXFileReference; lastKnownFileType = folder.assetcatalog; path = Assets.xcassets; sourceTree = "<group>"; };
		DD1223582C10CF9400A5C93B /* Base */ = {isa = PBXFileReference; lastKnownFileType = file.storyboard; name = Base; path = Base.lproj/LaunchScreen.storyboard; sourceTree = "<group>"; };
		DD12235A2C10CF9400A5C93B /* Info.plist */ = {isa = PBXFileReference; lastKnownFileType = text.plist.xml; path = Info.plist; sourceTree = "<group>"; };
		DD12235F2C10CF9500A5C93B /* ContactsAppTests.xctest */ = {isa = PBXFileReference; explicitFileType = wrapper.cfbundle; includeInIndex = 0; path = ContactsAppTests.xctest; sourceTree = BUILT_PRODUCTS_DIR; };
		DD1223632C10CF9500A5C93B /* ContactsAppTests.swift */ = {isa = PBXFileReference; lastKnownFileType = sourcecode.swift; path = ContactsAppTests.swift; sourceTree = "<group>"; };
		DD1223692C10CF9500A5C93B /* ContactsAppUITests.xctest */ = {isa = PBXFileReference; explicitFileType = wrapper.cfbundle; includeInIndex = 0; path = ContactsAppUITests.xctest; sourceTree = BUILT_PRODUCTS_DIR; };
		DD12236D2C10CF9500A5C93B /* ContactsAppUITests.swift */ = {isa = PBXFileReference; lastKnownFileType = sourcecode.swift; path = ContactsAppUITests.swift; sourceTree = "<group>"; };
		DD12236F2C10CF9500A5C93B /* ContactsAppUITestsLaunchTests.swift */ = {isa = PBXFileReference; lastKnownFileType = sourcecode.swift; path = ContactsAppUITestsLaunchTests.swift; sourceTree = "<group>"; };
		DD72B98C2C18C998003FBB46 /* CoreDataService.swift */ = {isa = PBXFileReference; lastKnownFileType = sourcecode.swift; path = CoreDataService.swift; sourceTree = "<group>"; };
/* End PBXFileReference section */

/* Begin PBXFrameworksBuildPhase section */
		DD1223432C10CF9300A5C93B /* Frameworks */ = {
			isa = PBXFrameworksBuildPhase;
			buildActionMask = 2147483647;
			files = (
			);
			runOnlyForDeploymentPostprocessing = 0;
		};
		DD12235C2C10CF9500A5C93B /* Frameworks */ = {
			isa = PBXFrameworksBuildPhase;
			buildActionMask = 2147483647;
			files = (
			);
			runOnlyForDeploymentPostprocessing = 0;
		};
		DD1223662C10CF9500A5C93B /* Frameworks */ = {
			isa = PBXFrameworksBuildPhase;
			buildActionMask = 2147483647;
			files = (
			);
			runOnlyForDeploymentPostprocessing = 0;
		};
/* End PBXFrameworksBuildPhase section */

/* Begin PBXGroup section */
		DD09348D2C245FF700FD84FF /* ViewModels */ = {
			isa = PBXGroup;
			children = (
				DD09348B2C245FE300FD84FF /* ContactsViewModel.swift */,
			);
			path = ViewModels;
			sourceTree = "<group>";
		};
		DD0DB21B2C24A7820058A001 /* Extensions */ = {
			isa = PBXGroup;
			children = (
				DD0DB2192C24A6880058A001 /* NotificationNames.swift */,
			);
			path = Extensions;
			sourceTree = "<group>";
		};
		DD12233D2C10CF9300A5C93B = {
			isa = PBXGroup;
			children = (
				DD72B98E2C18CD9F003FBB46 /* Services */,
				DD0991212C1A37F0009DEBA0 /* Contact+CoreDataClass.swift */,
				DD0991222C1A37F0009DEBA0 /* Contact+CoreDataProperties.swift */,
				DD0DB21B2C24A7820058A001 /* Extensions */,
				DD09348D2C245FF700FD84FF /* ViewModels */,
				DD1223482C10CF9300A5C93B /* ContactsApp */,
				DD1223622C10CF9500A5C93B /* ContactsAppTests */,
				DD12236C2C10CF9500A5C93B /* ContactsAppUITests */,
				DD1223472C10CF9300A5C93B /* Products */,
			);
			sourceTree = "<group>";
		};
		DD1223472C10CF9300A5C93B /* Products */ = {
			isa = PBXGroup;
			children = (
				DD1223462C10CF9300A5C93B /* ContactsApp.app */,
				DD12235F2C10CF9500A5C93B /* ContactsAppTests.xctest */,
				DD1223692C10CF9500A5C93B /* ContactsAppUITests.xctest */,
			);
			name = Products;
			sourceTree = "<group>";
		};
		DD1223482C10CF9300A5C93B /* ContactsApp */ = {
			isa = PBXGroup;
			children = (
				DD09911E2C1A36DF009DEBA0 /* ContactsApp.xcdatamodeld */,
				DD1223492C10CF9300A5C93B /* AppDelegate.swift */,
				DD12234B2C10CF9300A5C93B /* SceneDelegate.swift */,
				DD12234D2C10CF9300A5C93B /* ViewController.swift */,
				DD12234F2C10CF9300A5C93B /* Main.storyboard */,
				DD1223552C10CF9400A5C93B /* Assets.xcassets */,
				DD1223572C10CF9400A5C93B /* LaunchScreen.storyboard */,
				DD12235A2C10CF9400A5C93B /* Info.plist */,
			);
			path = ContactsApp;
			sourceTree = "<group>";
		};
		DD1223622C10CF9500A5C93B /* ContactsAppTests */ = {
			isa = PBXGroup;
			children = (
				DD1223632C10CF9500A5C93B /* ContactsAppTests.swift */,
			);
			path = ContactsAppTests;
			sourceTree = "<group>";
		};
		DD12236C2C10CF9500A5C93B /* ContactsAppUITests */ = {
			isa = PBXGroup;
			children = (
				DD12236D2C10CF9500A5C93B /* ContactsAppUITests.swift */,
				DD12236F2C10CF9500A5C93B /* ContactsAppUITestsLaunchTests.swift */,
			);
			path = ContactsAppUITests;
			sourceTree = "<group>";
		};
		DD72B98E2C18CD9F003FBB46 /* Services */ = {
			isa = PBXGroup;
			children = (
				DD72B98C2C18C998003FBB46 /* CoreDataService.swift */,
			);
			path = Services;
			sourceTree = "<group>";
		};
/* End PBXGroup section */

/* Begin PBXNativeTarget section */
		DD1223452C10CF9300A5C93B /* ContactsApp */ = {
			isa = PBXNativeTarget;
			buildConfigurationList = DD1223732C10CF9500A5C93B /* Build configuration list for PBXNativeTarget "ContactsApp" */;
			buildPhases = (
				DD1223422C10CF9300A5C93B /* Sources */,
				DD1223432C10CF9300A5C93B /* Frameworks */,
				DD1223442C10CF9300A5C93B /* Resources */,
			);
			buildRules = (
			);
			dependencies = (
			);
			name = ContactsApp;
			productName = ContactsApp;
			productReference = DD1223462C10CF9300A5C93B /* ContactsApp.app */;
			productType = "com.apple.product-type.application";
		};
		DD12235E2C10CF9500A5C93B /* ContactsAppTests */ = {
			isa = PBXNativeTarget;
			buildConfigurationList = DD1223762C10CF9500A5C93B /* Build configuration list for PBXNativeTarget "ContactsAppTests" */;
			buildPhases = (
				DD12235B2C10CF9500A5C93B /* Sources */,
				DD12235C2C10CF9500A5C93B /* Frameworks */,
				DD12235D2C10CF9500A5C93B /* Resources */,
			);
			buildRules = (
			);
			dependencies = (
				DD1223612C10CF9500A5C93B /* PBXTargetDependency */,
			);
			name = ContactsAppTests;
			productName = ContactsAppTests;
			productReference = DD12235F2C10CF9500A5C93B /* ContactsAppTests.xctest */;
			productType = "com.apple.product-type.bundle.unit-test";
		};
		DD1223682C10CF9500A5C93B /* ContactsAppUITests */ = {
			isa = PBXNativeTarget;
			buildConfigurationList = DD1223792C10CF9500A5C93B /* Build configuration list for PBXNativeTarget "ContactsAppUITests" */;
			buildPhases = (
				DD1223652C10CF9500A5C93B /* Sources */,
				DD1223662C10CF9500A5C93B /* Frameworks */,
				DD1223672C10CF9500A5C93B /* Resources */,
			);
			buildRules = (
			);
			dependencies = (
				DD12236B2C10CF9500A5C93B /* PBXTargetDependency */,
			);
			name = ContactsAppUITests;
			productName = ContactsAppUITests;
			productReference = DD1223692C10CF9500A5C93B /* ContactsAppUITests.xctest */;
			productType = "com.apple.product-type.bundle.ui-testing";
		};
/* End PBXNativeTarget section */

/* Begin PBXProject section */
		DD12233E2C10CF9300A5C93B /* Project object */ = {
			isa = PBXProject;
			attributes = {
				BuildIndependentTargetsInParallel = 1;
				LastSwiftUpdateCheck = 1540;
				LastUpgradeCheck = 1540;
				TargetAttributes = {
					DD1223452C10CF9300A5C93B = {
						CreatedOnToolsVersion = 15.4;
					};
					DD12235E2C10CF9500A5C93B = {
						CreatedOnToolsVersion = 15.4;
						TestTargetID = DD1223452C10CF9300A5C93B;
					};
					DD1223682C10CF9500A5C93B = {
						CreatedOnToolsVersion = 15.4;
						TestTargetID = DD1223452C10CF9300A5C93B;
					};
				};
			};
			buildConfigurationList = DD1223412C10CF9300A5C93B /* Build configuration list for PBXProject "ContactsApp" */;
			compatibilityVersion = "Xcode 14.0";
			developmentRegion = en;
			hasScannedForEncodings = 0;
			knownRegions = (
				en,
				Base,
			);
			mainGroup = DD12233D2C10CF9300A5C93B;
			productRefGroup = DD1223472C10CF9300A5C93B /* Products */;
			projectDirPath = "";
			projectRoot = "";
			targets = (
				DD1223452C10CF9300A5C93B /* ContactsApp */,
				DD12235E2C10CF9500A5C93B /* ContactsAppTests */,
				DD1223682C10CF9500A5C93B /* ContactsAppUITests */,
			);
		};
/* End PBXProject section */

/* Begin PBXResourcesBuildPhase section */
		DD1223442C10CF9300A5C93B /* Resources */ = {
			isa = PBXResourcesBuildPhase;
			buildActionMask = 2147483647;
			files = (
				DD1223562C10CF9400A5C93B /* Assets.xcassets in Resources */,
				DD1223592C10CF9400A5C93B /* Base in Resources */,
				DD1223512C10CF9300A5C93B /* Base in Resources */,
			);
			runOnlyForDeploymentPostprocessing = 0;
		};
		DD12235D2C10CF9500A5C93B /* Resources */ = {
			isa = PBXResourcesBuildPhase;
			buildActionMask = 2147483647;
			files = (
			);
			runOnlyForDeploymentPostprocessing = 0;
		};
		DD1223672C10CF9500A5C93B /* Resources */ = {
			isa = PBXResourcesBuildPhase;
			buildActionMask = 2147483647;
			files = (
			);
			runOnlyForDeploymentPostprocessing = 0;
		};
/* End PBXResourcesBuildPhase section */

/* Begin PBXSourcesBuildPhase section */
		DD1223422C10CF9300A5C93B /* Sources */ = {
			isa = PBXSourcesBuildPhase;
			buildActionMask = 2147483647;
			files = (
				DD0991202C1A36DF009DEBA0 /* ContactsApp.xcdatamodeld in Sources */,
				DD72B98D2C18C998003FBB46 /* CoreDataService.swift in Sources */,
				DD0991232C1A37F0009DEBA0 /* Contact+CoreDataClass.swift in Sources */,
				DD0991242C1A37F0009DEBA0 /* Contact+CoreDataProperties.swift in Sources */,
				DD12234E2C10CF9300A5C93B /* ViewController.swift in Sources */,
				DD09348C2C245FE300FD84FF /* ContactsViewModel.swift in Sources */,
				DD12234A2C10CF9300A5C93B /* AppDelegate.swift in Sources */,
				DD0DB21A2C24A6880058A001 /* NotificationNames.swift in Sources */,
				DD12234C2C10CF9300A5C93B /* SceneDelegate.swift in Sources */,
			);
			runOnlyForDeploymentPostprocessing = 0;
		};
		DD12235B2C10CF9500A5C93B /* Sources */ = {
			isa = PBXSourcesBuildPhase;
			buildActionMask = 2147483647;
			files = (
				DD1223642C10CF9500A5C93B /* ContactsAppTests.swift in Sources */,
			);
			runOnlyForDeploymentPostprocessing = 0;
		};
		DD1223652C10CF9500A5C93B /* Sources */ = {
			isa = PBXSourcesBuildPhase;
			buildActionMask = 2147483647;
			files = (
				DD12236E2C10CF9500A5C93B /* ContactsAppUITests.swift in Sources */,
				DD1223702C10CF9500A5C93B /* ContactsAppUITestsLaunchTests.swift in Sources */,
			);
			runOnlyForDeploymentPostprocessing = 0;
		};
/* End PBXSourcesBuildPhase section */

/* Begin PBXTargetDependency section */
		DD1223612C10CF9500A5C93B /* PBXTargetDependency */ = {
			isa = PBXTargetDependency;
			target = DD1223452C10CF9300A5C93B /* ContactsApp */;
			targetProxy = DD1223602C10CF9500A5C93B /* PBXContainerItemProxy */;
		};
		DD12236B2C10CF9500A5C93B /* PBXTargetDependency */ = {
			isa = PBXTargetDependency;
			target = DD1223452C10CF9300A5C93B /* ContactsApp */;
			targetProxy = DD12236A2C10CF9500A5C93B /* PBXContainerItemProxy */;
		};
/* End PBXTargetDependency section */

/* Begin PBXVariantGroup section */
		DD12234F2C10CF9300A5C93B /* Main.storyboard */ = {
			isa = PBXVariantGroup;
			children = (
				DD1223502C10CF9300A5C93B /* Base */,
			);
			name = Main.storyboard;
			sourceTree = "<group>";
		};
		DD1223572C10CF9400A5C93B /* LaunchScreen.storyboard */ = {
			isa = PBXVariantGroup;
			children = (
				DD1223582C10CF9400A5C93B /* Base */,
			);
			name = LaunchScreen.storyboard;
			sourceTree = "<group>";
		};
/* End PBXVariantGroup section */

/* Begin XCBuildConfiguration section */
		DD1223712C10CF9500A5C93B /* Debug */ = {
			isa = XCBuildConfiguration;
			buildSettings = {
				ALWAYS_SEARCH_USER_PATHS = NO;
				ASSETCATALOG_COMPILER_GENERATE_SWIFT_ASSET_SYMBOL_EXTENSIONS = YES;
				CLANG_ANALYZER_NONNULL = YES;
				CLANG_ANALYZER_NUMBER_OBJECT_CONVERSION = YES_AGGRESSIVE;
				CLANG_CXX_LANGUAGE_STANDARD = "gnu++20";
				CLANG_ENABLE_MODULES = YES;
				CLANG_ENABLE_OBJC_ARC = YES;
				CLANG_ENABLE_OBJC_WEAK = YES;
				CLANG_WARN_BLOCK_CAPTURE_AUTORELEASING = YES;
				CLANG_WARN_BOOL_CONVERSION = YES;
				CLANG_WARN_COMMA = YES;
				CLANG_WARN_CONSTANT_CONVERSION = YES;
				CLANG_WARN_DEPRECATED_OBJC_IMPLEMENTATIONS = YES;
				CLANG_WARN_DIRECT_OBJC_ISA_USAGE = YES_ERROR;
				CLANG_WARN_DOCUMENTATION_COMMENTS = YES;
				CLANG_WARN_EMPTY_BODY = YES;
				CLANG_WARN_ENUM_CONVERSION = YES;
				CLANG_WARN_INFINITE_RECURSION = YES;
				CLANG_WARN_INT_CONVERSION = YES;
				CLANG_WARN_NON_LITERAL_NULL_CONVERSION = YES;
				CLANG_WARN_OBJC_IMPLICIT_RETAIN_SELF = YES;
				CLANG_WARN_OBJC_LITERAL_CONVERSION = YES;
				CLANG_WARN_OBJC_ROOT_CLASS = YES_ERROR;
				CLANG_WARN_QUOTED_INCLUDE_IN_FRAMEWORK_HEADER = YES;
				CLANG_WARN_RANGE_LOOP_ANALYSIS = YES;
				CLANG_WARN_STRICT_PROTOTYPES = YES;
				CLANG_WARN_SUSPICIOUS_MOVE = YES;
				CLANG_WARN_UNGUARDED_AVAILABILITY = YES_AGGRESSIVE;
				CLANG_WARN_UNREACHABLE_CODE = YES;
				CLANG_WARN__DUPLICATE_METHOD_MATCH = YES;
				COPY_PHASE_STRIP = NO;
				DEBUG_INFORMATION_FORMAT = dwarf;
				ENABLE_STRICT_OBJC_MSGSEND = YES;
				ENABLE_TESTABILITY = YES;
				ENABLE_USER_SCRIPT_SANDBOXING = YES;
				GCC_C_LANGUAGE_STANDARD = gnu17;
				GCC_DYNAMIC_NO_PIC = NO;
				GCC_NO_COMMON_BLOCKS = YES;
				GCC_OPTIMIZATION_LEVEL = 0;
				GCC_PREPROCESSOR_DEFINITIONS = (
					"DEBUG=1",
					"$(inherited)",
				);
				GCC_WARN_64_TO_32_BIT_CONVERSION = YES;
				GCC_WARN_ABOUT_RETURN_TYPE = YES_ERROR;
				GCC_WARN_UNDECLARED_SELECTOR = YES;
				GCC_WARN_UNINITIALIZED_AUTOS = YES_AGGRESSIVE;
				GCC_WARN_UNUSED_FUNCTION = YES;
				GCC_WARN_UNUSED_VARIABLE = YES;
				IPHONEOS_DEPLOYMENT_TARGET = 17.5;
				LOCALIZATION_PREFERS_STRING_CATALOGS = YES;
				MTL_ENABLE_DEBUG_INFO = INCLUDE_SOURCE;
				MTL_FAST_MATH = YES;
				ONLY_ACTIVE_ARCH = YES;
				SDKROOT = iphoneos;
				SWIFT_ACTIVE_COMPILATION_CONDITIONS = "DEBUG $(inherited)";
				SWIFT_OPTIMIZATION_LEVEL = "-Onone";
			};
			name = Debug;
		};
		DD1223722C10CF9500A5C93B /* Release */ = {
			isa = XCBuildConfiguration;
			buildSettings = {
				ALWAYS_SEARCH_USER_PATHS = NO;
				ASSETCATALOG_COMPILER_GENERATE_SWIFT_ASSET_SYMBOL_EXTENSIONS = YES;
				CLANG_ANALYZER_NONNULL = YES;
				CLANG_ANALYZER_NUMBER_OBJECT_CONVERSION = YES_AGGRESSIVE;
				CLANG_CXX_LANGUAGE_STANDARD = "gnu++20";
				CLANG_ENABLE_MODULES = YES;
				CLANG_ENABLE_OBJC_ARC = YES;
				CLANG_ENABLE_OBJC_WEAK = YES;
				CLANG_WARN_BLOCK_CAPTURE_AUTORELEASING = YES;
				CLANG_WARN_BOOL_CONVERSION = YES;
				CLANG_WARN_COMMA = YES;
				CLANG_WARN_CONSTANT_CONVERSION = YES;
				CLANG_WARN_DEPRECATED_OBJC_IMPLEMENTATIONS = YES;
				CLANG_WARN_DIRECT_OBJC_ISA_USAGE = YES_ERROR;
				CLANG_WARN_DOCUMENTATION_COMMENTS = YES;
				CLANG_WARN_EMPTY_BODY = YES;
				CLANG_WARN_ENUM_CONVERSION = YES;
				CLANG_WARN_INFINITE_RECURSION = YES;
				CLANG_WARN_INT_CONVERSION = YES;
				CLANG_WARN_NON_LITERAL_NULL_CONVERSION = YES;
				CLANG_WARN_OBJC_IMPLICIT_RETAIN_SELF = YES;
				CLANG_WARN_OBJC_LITERAL_CONVERSION = YES;
				CLANG_WARN_OBJC_ROOT_CLASS = YES_ERROR;
				CLANG_WARN_QUOTED_INCLUDE_IN_FRAMEWORK_HEADER = YES;
				CLANG_WARN_RANGE_LOOP_ANALYSIS = YES;
				CLANG_WARN_STRICT_PROTOTYPES = YES;
				CLANG_WARN_SUSPICIOUS_MOVE = YES;
				CLANG_WARN_UNGUARDED_AVAILABILITY = YES_AGGRESSIVE;
				CLANG_WARN_UNREACHABLE_CODE = YES;
				CLANG_WARN__DUPLICATE_METHOD_MATCH = YES;
				COPY_PHASE_STRIP = NO;
				DEBUG_INFORMATION_FORMAT = "dwarf-with-dsym";
				ENABLE_NS_ASSERTIONS = NO;
				ENABLE_STRICT_OBJC_MSGSEND = YES;
				ENABLE_USER_SCRIPT_SANDBOXING = YES;
				GCC_C_LANGUAGE_STANDARD = gnu17;
				GCC_NO_COMMON_BLOCKS = YES;
				GCC_WARN_64_TO_32_BIT_CONVERSION = YES;
				GCC_WARN_ABOUT_RETURN_TYPE = YES_ERROR;
				GCC_WARN_UNDECLARED_SELECTOR = YES;
				GCC_WARN_UNINITIALIZED_AUTOS = YES_AGGRESSIVE;
				GCC_WARN_UNUSED_FUNCTION = YES;
				GCC_WARN_UNUSED_VARIABLE = YES;
				IPHONEOS_DEPLOYMENT_TARGET = 17.5;
				LOCALIZATION_PREFERS_STRING_CATALOGS = YES;
				MTL_ENABLE_DEBUG_INFO = NO;
				MTL_FAST_MATH = YES;
				SDKROOT = iphoneos;
				SWIFT_COMPILATION_MODE = wholemodule;
				VALIDATE_PRODUCT = YES;
			};
			name = Release;
		};
		DD1223742C10CF9500A5C93B /* Debug */ = {
			isa = XCBuildConfiguration;
			buildSettings = {
				ASSETCATALOG_COMPILER_APPICON_NAME = AppIcon;
				ASSETCATALOG_COMPILER_GLOBAL_ACCENT_COLOR_NAME = AccentColor;
				CODE_SIGN_STYLE = Automatic;
				CURRENT_PROJECT_VERSION = 1;
				DEVELOPMENT_TEAM = D28SS25G7Y;
				GENERATE_INFOPLIST_FILE = YES;
				INFOPLIST_FILE = ContactsApp/Info.plist;
				INFOPLIST_KEY_UIApplicationSupportsIndirectInputEvents = YES;
				INFOPLIST_KEY_UILaunchStoryboardName = LaunchScreen;
				INFOPLIST_KEY_UIMainStoryboardFile = Main;
				INFOPLIST_KEY_UISupportedInterfaceOrientations_iPad = "UIInterfaceOrientationPortrait UIInterfaceOrientationPortraitUpsideDown UIInterfaceOrientationLandscapeLeft UIInterfaceOrientationLandscapeRight";
				INFOPLIST_KEY_UISupportedInterfaceOrientations_iPhone = "UIInterfaceOrientationPortrait UIInterfaceOrientationLandscapeLeft UIInterfaceOrientationLandscapeRight";
				LD_RUNPATH_SEARCH_PATHS = (
					"$(inherited)",
					"@executable_path/Frameworks",
				);
				MARKETING_VERSION = 1.0;
				PRODUCT_BUNDLE_IDENTIFIER = Vadym.ContactsApp;
				PRODUCT_NAME = "$(TARGET_NAME)";
				SWIFT_EMIT_LOC_STRINGS = YES;
				SWIFT_VERSION = 5.0;
				TARGETED_DEVICE_FAMILY = "1,2";
			};
			name = Debug;
		};
		DD1223752C10CF9500A5C93B /* Release */ = {
			isa = XCBuildConfiguration;
			buildSettings = {
				ASSETCATALOG_COMPILER_APPICON_NAME = AppIcon;
				ASSETCATALOG_COMPILER_GLOBAL_ACCENT_COLOR_NAME = AccentColor;
				CODE_SIGN_STYLE = Automatic;
				CURRENT_PROJECT_VERSION = 1;
				DEVELOPMENT_TEAM = D28SS25G7Y;
				GENERATE_INFOPLIST_FILE = YES;
				INFOPLIST_FILE = ContactsApp/Info.plist;
				INFOPLIST_KEY_UIApplicationSupportsIndirectInputEvents = YES;
				INFOPLIST_KEY_UILaunchStoryboardName = LaunchScreen;
				INFOPLIST_KEY_UIMainStoryboardFile = Main;
				INFOPLIST_KEY_UISupportedInterfaceOrientations_iPad = "UIInterfaceOrientationPortrait UIInterfaceOrientationPortraitUpsideDown UIInterfaceOrientationLandscapeLeft UIInterfaceOrientationLandscapeRight";
				INFOPLIST_KEY_UISupportedInterfaceOrientations_iPhone = "UIInterfaceOrientationPortrait UIInterfaceOrientationLandscapeLeft UIInterfaceOrientationLandscapeRight";
				LD_RUNPATH_SEARCH_PATHS = (
					"$(inherited)",
					"@executable_path/Frameworks",
				);
				MARKETING_VERSION = 1.0;
				PRODUCT_BUNDLE_IDENTIFIER = Vadym.ContactsApp;
				PRODUCT_NAME = "$(TARGET_NAME)";
				SWIFT_EMIT_LOC_STRINGS = YES;
				SWIFT_VERSION = 5.0;
				TARGETED_DEVICE_FAMILY = "1,2";
			};
			name = Release;
		};
		DD1223772C10CF9500A5C93B /* Debug */ = {
			isa = XCBuildConfiguration;
			buildSettings = {
				ALWAYS_EMBED_SWIFT_STANDARD_LIBRARIES = YES;
				BUNDLE_LOADER = "$(TEST_HOST)";
				CODE_SIGN_STYLE = Automatic;
				CURRENT_PROJECT_VERSION = 1;
				DEVELOPMENT_TEAM = D28SS25G7Y;
				GENERATE_INFOPLIST_FILE = YES;
				IPHONEOS_DEPLOYMENT_TARGET = 17.5;
				MARKETING_VERSION = 1.0;
				PRODUCT_BUNDLE_IDENTIFIER = Vadym.ContactsAppTests;
				PRODUCT_NAME = "$(TARGET_NAME)";
				SWIFT_EMIT_LOC_STRINGS = NO;
				SWIFT_VERSION = 5.0;
				TARGETED_DEVICE_FAMILY = "1,2";
				TEST_HOST = "$(BUILT_PRODUCTS_DIR)/ContactsApp.app/$(BUNDLE_EXECUTABLE_FOLDER_PATH)/ContactsApp";
			};
			name = Debug;
		};
		DD1223782C10CF9500A5C93B /* Release */ = {
			isa = XCBuildConfiguration;
			buildSettings = {
				ALWAYS_EMBED_SWIFT_STANDARD_LIBRARIES = YES;
				BUNDLE_LOADER = "$(TEST_HOST)";
				CODE_SIGN_STYLE = Automatic;
				CURRENT_PROJECT_VERSION = 1;
				DEVELOPMENT_TEAM = D28SS25G7Y;
				GENERATE_INFOPLIST_FILE = YES;
				IPHONEOS_DEPLOYMENT_TARGET = 17.5;
				MARKETING_VERSION = 1.0;
				PRODUCT_BUNDLE_IDENTIFIER = Vadym.ContactsAppTests;
				PRODUCT_NAME = "$(TARGET_NAME)";
				SWIFT_EMIT_LOC_STRINGS = NO;
				SWIFT_VERSION = 5.0;
				TARGETED_DEVICE_FAMILY = "1,2";
				TEST_HOST = "$(BUILT_PRODUCTS_DIR)/ContactsApp.app/$(BUNDLE_EXECUTABLE_FOLDER_PATH)/ContactsApp";
			};
			name = Release;
		};
		DD12237A2C10CF9500A5C93B /* Debug */ = {
			isa = XCBuildConfiguration;
			buildSettings = {
				ALWAYS_EMBED_SWIFT_STANDARD_LIBRARIES = YES;
				CODE_SIGN_STYLE = Automatic;
				CURRENT_PROJECT_VERSION = 1;
				DEVELOPMENT_TEAM = D28SS25G7Y;
				GENERATE_INFOPLIST_FILE = YES;
				MARKETING_VERSION = 1.0;
				PRODUCT_BUNDLE_IDENTIFIER = Vadym.ContactsAppUITests;
				PRODUCT_NAME = "$(TARGET_NAME)";
				SWIFT_EMIT_LOC_STRINGS = NO;
				SWIFT_VERSION = 5.0;
				TARGETED_DEVICE_FAMILY = "1,2";
				TEST_TARGET_NAME = ContactsApp;
			};
			name = Debug;
		};
		DD12237B2C10CF9500A5C93B /* Release */ = {
			isa = XCBuildConfiguration;
			buildSettings = {
				ALWAYS_EMBED_SWIFT_STANDARD_LIBRARIES = YES;
				CODE_SIGN_STYLE = Automatic;
				CURRENT_PROJECT_VERSION = 1;
				DEVELOPMENT_TEAM = D28SS25G7Y;
				GENERATE_INFOPLIST_FILE = YES;
				MARKETING_VERSION = 1.0;
				PRODUCT_BUNDLE_IDENTIFIER = Vadym.ContactsAppUITests;
				PRODUCT_NAME = "$(TARGET_NAME)";
				SWIFT_EMIT_LOC_STRINGS = NO;
				SWIFT_VERSION = 5.0;
				TARGETED_DEVICE_FAMILY = "1,2";
				TEST_TARGET_NAME = ContactsApp;
			};
			name = Release;
		};
/* End XCBuildConfiguration section */

/* Begin XCConfigurationList section */
		DD1223412C10CF9300A5C93B /* Build configuration list for PBXProject "ContactsApp" */ = {
			isa = XCConfigurationList;
			buildConfigurations = (
				DD1223712C10CF9500A5C93B /* Debug */,
				DD1223722C10CF9500A5C93B /* Release */,
			);
			defaultConfigurationIsVisible = 0;
			defaultConfigurationName = Release;
		};
		DD1223732C10CF9500A5C93B /* Build configuration list for PBXNativeTarget "ContactsApp" */ = {
			isa = XCConfigurationList;
			buildConfigurations = (
				DD1223742C10CF9500A5C93B /* Debug */,
				DD1223752C10CF9500A5C93B /* Release */,
			);
			defaultConfigurationIsVisible = 0;
			defaultConfigurationName = Release;
		};
		DD1223762C10CF9500A5C93B /* Build configuration list for PBXNativeTarget "ContactsAppTests" */ = {
			isa = XCConfigurationList;
			buildConfigurations = (
				DD1223772C10CF9500A5C93B /* Debug */,
				DD1223782C10CF9500A5C93B /* Release */,
			);
			defaultConfigurationIsVisible = 0;
			defaultConfigurationName = Release;
		};
		DD1223792C10CF9500A5C93B /* Build configuration list for PBXNativeTarget "ContactsAppUITests" */ = {
			isa = XCConfigurationList;
			buildConfigurations = (
				DD12237A2C10CF9500A5C93B /* Debug */,
				DD12237B2C10CF9500A5C93B /* Release */,
			);
			defaultConfigurationIsVisible = 0;
			defaultConfigurationName = Release;
		};
/* End XCConfigurationList section */

/* Begin XCVersionGroup section */
		DD09911E2C1A36DF009DEBA0 /* ContactsApp.xcdatamodeld */ = {
			isa = XCVersionGroup;
			children = (
				DD09911F2C1A36DF009DEBA0 /* ContactsApp.xcdatamodel */,
			);
			currentVersion = DD09911F2C1A36DF009DEBA0 /* ContactsApp.xcdatamodel */;
			path = ContactsApp.xcdatamodeld;
			sourceTree = "<group>";
			versionGroupType = wrapper.xcdatamodel;
		};
/* End XCVersionGroup section */
	};
	rootObject = DD12233E2C10CF9300A5C93B /* Project object */;
}
