// !$*UTF8*$!
{
	archiveVersion = 1;
	classes = {
	};
	objectVersion = 56;
	objects = {

/* Begin PBXBuildFile section */
		ABA8BEC5FF3ED5155393ADB8 /* Pods_ContactsApp_ContactsAppUITests.framework in Frameworks */ = {isa = PBXBuildFile; fileRef = 01B077C5BF960A46A307FDCF /* Pods_ContactsApp_ContactsAppUITests.framework */; };
		DD09348C2C245FE300FD84FF /* ContactsViewModel.swift in Sources */ = {isa = PBXBuildFile; fileRef = DD09348B2C245FE300FD84FF /* ContactsViewModel.swift */; };
		DD0991202C1A36DF009DEBA0 /* ContactsApp.xcdatamodeld in Sources */ = {isa = PBXBuildFile; fileRef = DD09911E2C1A36DF009DEBA0 /* ContactsApp.xcdatamodeld */; };
		DD0991232C1A37F0009DEBA0 /* Contact+CoreDataClass.swift in Sources */ = {isa = PBXBuildFile; fileRef = DD0991212C1A37F0009DEBA0 /* Contact+CoreDataClass.swift */; };
		DD0991242C1A37F0009DEBA0 /* Contact+CoreDataProperties.swift in Sources */ = {isa = PBXBuildFile; fileRef = DD0991222C1A37F0009DEBA0 /* Contact+CoreDataProperties.swift */; };
		DD0DB21A2C24A6880058A001 /* NotificationNames.swift in Sources */ = {isa = PBXBuildFile; fileRef = DD0DB2192C24A6880058A001 /* NotificationNames.swift */; };
		DD12234A2C10CF9300A5C93B /* AppDelegate.swift in Sources */ = {isa = PBXBuildFile; fileRef = DD1223492C10CF9300A5C93B /* AppDelegate.swift */; };
		DD12234C2C10CF9300A5C93B /* SceneDelegate.swift in Sources */ = {isa = PBXBuildFile; fileRef = DD12234B2C10CF9300A5C93B /* SceneDelegate.swift */; };
		DD12234E2C10CF9300A5C93B /* ContactsViewController.swift in Sources */ = {isa = PBXBuildFile; fileRef = DD12234D2C10CF9300A5C93B /* ContactsViewController.swift */; };
		DD1223562C10CF9400A5C93B /* Assets.xcassets in Resources */ = {isa = PBXBuildFile; fileRef = DD1223552C10CF9400A5C93B /* Assets.xcassets */; };
		DD1223592C10CF9400A5C93B /* Base in Resources */ = {isa = PBXBuildFile; fileRef = DD1223582C10CF9400A5C93B /* Base */; };
		DD1223642C10CF9500A5C93B /* ContactsAppTests.swift in Sources */ = {isa = PBXBuildFile; fileRef = DD1223632C10CF9500A5C93B /* ContactsAppTests.swift */; };
		DD12236E2C10CF9500A5C93B /* ContactsAppUITests.swift in Sources */ = {isa = PBXBuildFile; fileRef = DD12236D2C10CF9500A5C93B /* ContactsAppUITests.swift */; };
		DD1223702C10CF9500A5C93B /* ContactsAppUITestsLaunchTests.swift in Sources */ = {isa = PBXBuildFile; fileRef = DD12236F2C10CF9500A5C93B /* ContactsAppUITestsLaunchTests.swift */; };
		DD5DCF292C35D8A8007A33BC /* Manrope-Bold.ttf in Resources */ = {isa = PBXBuildFile; fileRef = DD5DCF282C35D8A8007A33BC /* Manrope-Bold.ttf */; };
		DD5DCF2B2C35D8C7007A33BC /* Manrope-Medium.ttf in Resources */ = {isa = PBXBuildFile; fileRef = DD5DCF2A2C35D8C7007A33BC /* Manrope-Medium.ttf */; };
		DD66DD012C3496A800EA3EDB /* GlobalConstans.swift in Sources */ = {isa = PBXBuildFile; fileRef = DD66DD002C3496A800EA3EDB /* GlobalConstans.swift */; };
		DD66DD052C352A4C00EA3EDB /* UIColor+hexString.swift in Sources */ = {isa = PBXBuildFile; fileRef = DD66DD042C352A4C00EA3EDB /* UIColor+hexString.swift */; };
		DD72B98D2C18C998003FBB46 /* CoreDataService.swift in Sources */ = {isa = PBXBuildFile; fileRef = DD72B98C2C18C998003FBB46 /* CoreDataService.swift */; };
		DD73768C2C3C53B300791B0E /* Manrope-ExtraBold.ttf in Resources */ = {isa = PBXBuildFile; fileRef = DD73768B2C3C53B300791B0E /* Manrope-ExtraBold.ttf */; };
		DD73768E2C3C6F0600791B0E /* ResizeImage.swift in Sources */ = {isa = PBXBuildFile; fileRef = DD73768D2C3C6F0600791B0E /* ResizeImage.swift */; };
		E8B335379D4445D2FCC312F2 /* Pods_ContactsApp.framework in Frameworks */ = {isa = PBXBuildFile; fileRef = 2D06CA5A949831E6A2DDE750 /* Pods_ContactsApp.framework */; };
		F978449275FF4795A13FBFA8 /* Pods_ContactsAppTests.framework in Frameworks */ = {isa = PBXBuildFile; fileRef = 39DB43FB58512A6EA8D8B6C2 /* Pods_ContactsAppTests.framework */; };
/* End PBXBuildFile section */

/* Begin PBXContainerItemProxy section */
		DD1223602C10CF9500A5C93B /* PBXContainerItemProxy */ = {
			isa = PBXContainerItemProxy;
			containerPortal = DD12233E2C10CF9300A5C93B /* Project object */;
			proxyType = 1;
			remoteGlobalIDString = DD1223452C10CF9300A5C93B;
			remoteInfo = ContactsApp;
		};
		DD12236A2C10CF9500A5C93B /* PBXContainerItemProxy */ = {
			isa = PBXContainerItemProxy;
			containerPortal = DD12233E2C10CF9300A5C93B /* Project object */;
			proxyType = 1;
			remoteGlobalIDString = DD1223452C10CF9300A5C93B;
			remoteInfo = ContactsApp;
		};
/* End PBXContainerItemProxy section */

/* Begin PBXFileReference section */
		01B077C5BF960A46A307FDCF /* Pods_ContactsApp_ContactsAppUITests.framework */ = {isa = PBXFileReference; explicitFileType = wrapper.framework; includeInIndex = 0; path = Pods_ContactsApp_ContactsAppUITests.framework; sourceTree = BUILT_PRODUCTS_DIR; };
		04B028FDC41AA1ECB37B2E02 /* Pods-ContactsAppTests.debug.xcconfig */ = {isa = PBXFileReference; includeInIndex = 1; lastKnownFileType = text.xcconfig; name = "Pods-ContactsAppTests.debug.xcconfig"; path = "Target Support Files/Pods-ContactsAppTests/Pods-ContactsAppTests.debug.xcconfig"; sourceTree = "<group>"; };
		1130A582B3483608C9BFF669 /* Pods-ContactsApp.debug.xcconfig */ = {isa = PBXFileReference; includeInIndex = 1; lastKnownFileType = text.xcconfig; name = "Pods-ContactsApp.debug.xcconfig"; path = "Target Support Files/Pods-ContactsApp/Pods-ContactsApp.debug.xcconfig"; sourceTree = "<group>"; };
		1EC91540B630CD1EA4EDDC63 /* Pods-ContactsAppTests.release.xcconfig */ = {isa = PBXFileReference; includeInIndex = 1; lastKnownFileType = text.xcconfig; name = "Pods-ContactsAppTests.release.xcconfig"; path = "Target Support Files/Pods-ContactsAppTests/Pods-ContactsAppTests.release.xcconfig"; sourceTree = "<group>"; };
		205BDE4033F9E76C265BCCE8 /* Pods-ContactsApp-ContactsAppUITests.release.xcconfig */ = {isa = PBXFileReference; includeInIndex = 1; lastKnownFileType = text.xcconfig; name = "Pods-ContactsApp-ContactsAppUITests.release.xcconfig"; path = "Target Support Files/Pods-ContactsApp-ContactsAppUITests/Pods-ContactsApp-ContactsAppUITests.release.xcconfig"; sourceTree = "<group>"; };
		2D06CA5A949831E6A2DDE750 /* Pods_ContactsApp.framework */ = {isa = PBXFileReference; explicitFileType = wrapper.framework; includeInIndex = 0; path = Pods_ContactsApp.framework; sourceTree = BUILT_PRODUCTS_DIR; };
		39DB43FB58512A6EA8D8B6C2 /* Pods_ContactsAppTests.framework */ = {isa = PBXFileReference; explicitFileType = wrapper.framework; includeInIndex = 0; path = Pods_ContactsAppTests.framework; sourceTree = BUILT_PRODUCTS_DIR; };
		5059F97C04259629C25F6B60 /* Pods-ContactsApp.release.xcconfig */ = {isa = PBXFileReference; includeInIndex = 1; lastKnownFileType = text.xcconfig; name = "Pods-ContactsApp.release.xcconfig"; path = "Target Support Files/Pods-ContactsApp/Pods-ContactsApp.release.xcconfig"; sourceTree = "<group>"; };
		C3E67EFA978D4DE40B8613E9 /* Pods-ContactsApp-ContactsAppUITests.debug.xcconfig */ = {isa = PBXFileReference; includeInIndex = 1; lastKnownFileType = text.xcconfig; name = "Pods-ContactsApp-ContactsAppUITests.debug.xcconfig"; path = "Target Support Files/Pods-ContactsApp-ContactsAppUITests/Pods-ContactsApp-ContactsAppUITests.debug.xcconfig"; sourceTree = "<group>"; };
		CA353E2B77B7D5060FB58374 /* Pods-ContactsApp-ContactsAppTests.debug.xcconfig */ = {isa = PBXFileReference; includeInIndex = 1; lastKnownFileType = text.xcconfig; name = "Pods-ContactsApp-ContactsAppTests.debug.xcconfig"; path = "Target Support Files/Pods-ContactsApp-ContactsAppTests/Pods-ContactsApp-ContactsAppTests.debug.xcconfig"; sourceTree = "<group>"; };
		DD09348B2C245FE300FD84FF /* ContactsViewModel.swift */ = {isa = PBXFileReference; lastKnownFileType = sourcecode.swift; path = ContactsViewModel.swift; sourceTree = "<group>"; };
		DD09911F2C1A36DF009DEBA0 /* ContactsApp.xcdatamodel */ = {isa = PBXFileReference; lastKnownFileType = wrapper.xcdatamodel; path = ContactsApp.xcdatamodel; sourceTree = "<group>"; };
		DD0991212C1A37F0009DEBA0 /* Contact+CoreDataClass.swift */ = {isa = PBXFileReference; lastKnownFileType = sourcecode.swift; path = "Contact+CoreDataClass.swift"; sourceTree = "<group>"; };
		DD0991222C1A37F0009DEBA0 /* Contact+CoreDataProperties.swift */ = {isa = PBXFileReference; lastKnownFileType = sourcecode.swift; path = "Contact+CoreDataProperties.swift"; sourceTree = "<group>"; };
		DD0DB2192C24A6880058A001 /* NotificationNames.swift */ = {isa = PBXFileReference; lastKnownFileType = sourcecode.swift; path = NotificationNames.swift; sourceTree = "<group>"; };
		DD1223462C10CF9300A5C93B /* ContactsApp.app */ = {isa = PBXFileReference; explicitFileType = wrapper.application; includeInIndex = 0; path = ContactsApp.app; sourceTree = BUILT_PRODUCTS_DIR; };
		DD1223492C10CF9300A5C93B /* AppDelegate.swift */ = {isa = PBXFileReference; lastKnownFileType = sourcecode.swift; path = AppDelegate.swift; sourceTree = "<group>"; };
		DD12234B2C10CF9300A5C93B /* SceneDelegate.swift */ = {isa = PBXFileReference; lastKnownFileType = sourcecode.swift; path = SceneDelegate.swift; sourceTree = "<group>"; };
		DD12234D2C10CF9300A5C93B /* ContactsViewController.swift */ = {isa = PBXFileReference; lastKnownFileType = sourcecode.swift; path = ContactsViewController.swift; sourceTree = "<group>"; };
		DD1223552C10CF9400A5C93B /* Assets.xcassets */ = {isa = PBXFileReference; lastKnownFileType = folder.assetcatalog; path = Assets.xcassets; sourceTree = "<group>"; };
		DD1223582C10CF9400A5C93B /* Base */ = {isa = PBXFileReference; lastKnownFileType = file.storyboard; name = Base; path = Base.lproj/LaunchScreen.storyboard; sourceTree = "<group>"; };
		DD12235A2C10CF9400A5C93B /* Info.plist */ = {isa = PBXFileReference; lastKnownFileType = text.plist.xml; path = Info.plist; sourceTree = "<group>"; };
		DD12235F2C10CF9500A5C93B /* ContactsAppTests.xctest */ = {isa = PBXFileReference; explicitFileType = wrapper.cfbundle; includeInIndex = 0; path = ContactsAppTests.xctest; sourceTree = BUILT_PRODUCTS_DIR; };
		DD1223632C10CF9500A5C93B /* ContactsAppTests.swift */ = {isa = PBXFileReference; lastKnownFileType = sourcecode.swift; path = ContactsAppTests.swift; sourceTree = "<group>"; };
		DD1223692C10CF9500A5C93B /* ContactsAppUITests.xctest */ = {isa = PBXFileReference; explicitFileType = wrapper.cfbundle; includeInIndex = 0; path = ContactsAppUITests.xctest; sourceTree = BUILT_PRODUCTS_DIR; };
		DD12236D2C10CF9500A5C93B /* ContactsAppUITests.swift */ = {isa = PBXFileReference; lastKnownFileType = sourcecode.swift; path = ContactsAppUITests.swift; sourceTree = "<group>"; };
		DD12236F2C10CF9500A5C93B /* ContactsAppUITestsLaunchTests.swift */ = {isa = PBXFileReference; lastKnownFileType = sourcecode.swift; path = ContactsAppUITestsLaunchTests.swift; sourceTree = "<group>"; };
		DD5DCF282C35D8A8007A33BC /* Manrope-Bold.ttf */ = {isa = PBXFileReference; lastKnownFileType = file; path = "Manrope-Bold.ttf"; sourceTree = "<group>"; };
		DD5DCF2A2C35D8C7007A33BC /* Manrope-Medium.ttf */ = {isa = PBXFileReference; lastKnownFileType = file; path = "Manrope-Medium.ttf"; sourceTree = "<group>"; };
		DD66DD002C3496A800EA3EDB /* GlobalConstans.swift */ = {isa = PBXFileReference; lastKnownFileType = sourcecode.swift; path = GlobalConstans.swift; sourceTree = "<group>"; };
		DD66DD042C352A4C00EA3EDB /* UIColor+hexString.swift */ = {isa = PBXFileReference; lastKnownFileType = sourcecode.swift; path = "UIColor+hexString.swift"; sourceTree = "<group>"; };
		DD72B98C2C18C998003FBB46 /* CoreDataService.swift */ = {isa = PBXFileReference; lastKnownFileType = sourcecode.swift; path = CoreDataService.swift; sourceTree = "<group>"; };
		DD73768B2C3C53B300791B0E /* Manrope-ExtraBold.ttf */ = {isa = PBXFileReference; lastKnownFileType = file; path = "Manrope-ExtraBold.ttf"; sourceTree = "<group>"; };
		DD73768D2C3C6F0600791B0E /* ResizeImage.swift */ = {isa = PBXFileReference; lastKnownFileType = sourcecode.swift; path = ResizeImage.swift; sourceTree = "<group>"; };
		E271E04A40827F4886BD885E /* Pods-ContactsApp-ContactsAppTests.release.xcconfig */ = {isa = PBXFileReference; includeInIndex = 1; lastKnownFileType = text.xcconfig; name = "Pods-ContactsApp-ContactsAppTests.release.xcconfig"; path = "Target Support Files/Pods-ContactsApp-ContactsAppTests/Pods-ContactsApp-ContactsAppTests.release.xcconfig"; sourceTree = "<group>"; };
/* End PBXFileReference section */

/* Begin PBXFrameworksBuildPhase section */
		DD1223432C10CF9300A5C93B /* Frameworks */ = {
			isa = PBXFrameworksBuildPhase;
			buildActionMask = 2147483647;
			files = (
				E8B335379D4445D2FCC312F2 /* Pods_ContactsApp.framework in Frameworks */,
			);
			runOnlyForDeploymentPostprocessing = 0;
		};
		DD12235C2C10CF9500A5C93B /* Frameworks */ = {
			isa = PBXFrameworksBuildPhase;
			buildActionMask = 2147483647;
			files = (
				F978449275FF4795A13FBFA8 /* Pods_ContactsAppTests.framework in Frameworks */,
			);
			runOnlyForDeploymentPostprocessing = 0;
		};
		DD1223662C10CF9500A5C93B /* Frameworks */ = {
			isa = PBXFrameworksBuildPhase;
			buildActionMask = 2147483647;
			files = (
				ABA8BEC5FF3ED5155393ADB8 /* Pods_ContactsApp_ContactsAppUITests.framework in Frameworks */,
			);
			runOnlyForDeploymentPostprocessing = 0;
		};
/* End PBXFrameworksBuildPhase section */

/* Begin PBXGroup section */
		22CCBD2AA5AFB02C32F76493 /* Pods */ = {
			isa = PBXGroup;
			children = (
				1130A582B3483608C9BFF669 /* Pods-ContactsApp.debug.xcconfig */,
				5059F97C04259629C25F6B60 /* Pods-ContactsApp.release.xcconfig */,
				C3E67EFA978D4DE40B8613E9 /* Pods-ContactsApp-ContactsAppUITests.debug.xcconfig */,
				205BDE4033F9E76C265BCCE8 /* Pods-ContactsApp-ContactsAppUITests.release.xcconfig */,
				CA353E2B77B7D5060FB58374 /* Pods-ContactsApp-ContactsAppTests.debug.xcconfig */,
				E271E04A40827F4886BD885E /* Pods-ContactsApp-ContactsAppTests.release.xcconfig */,
				04B028FDC41AA1ECB37B2E02 /* Pods-ContactsAppTests.debug.xcconfig */,
				1EC91540B630CD1EA4EDDC63 /* Pods-ContactsAppTests.release.xcconfig */,
			);
			path = Pods;
			sourceTree = "<group>";
		};
		D67B8C8E785EAF3593DA33C0 /* Frameworks */ = {
			isa = PBXGroup;
			children = (
				2D06CA5A949831E6A2DDE750 /* Pods_ContactsApp.framework */,
				01B077C5BF960A46A307FDCF /* Pods_ContactsApp_ContactsAppUITests.framework */,
				39DB43FB58512A6EA8D8B6C2 /* Pods_ContactsAppTests.framework */,
			);
			name = Frameworks;
			sourceTree = "<group>";
		};
		DD09348D2C245FF700FD84FF /* ViewModels */ = {
			isa = PBXGroup;
			children = (
				DD09348B2C245FE300FD84FF /* ContactsViewModel.swift */,
			);
			name = ViewModels;
			path = ../ViewModels;
			sourceTree = "<group>";
		};
		DD0DB21B2C24A7820058A001 /* Extensions */ = {
			isa = PBXGroup;
			children = (
				DD0DB2192C24A6880058A001 /* NotificationNames.swift */,
				DD73768D2C3C6F0600791B0E /* ResizeImage.swift */,
				DD66DD042C352A4C00EA3EDB /* UIColor+hexString.swift */,
			);
			path = Extensions;
			sourceTree = "<group>";
		};
		DD12233D2C10CF9300A5C93B = {
			isa = PBXGroup;
			children = (
				DD1223482C10CF9300A5C93B /* ContactsApp */,
				DD1223622C10CF9500A5C93B /* ContactsAppTests */,
				DD12236C2C10CF9500A5C93B /* ContactsAppUITests */,
				DD1223472C10CF9300A5C93B /* Products */,
				22CCBD2AA5AFB02C32F76493 /* Pods */,
				D67B8C8E785EAF3593DA33C0 /* Frameworks */,
			);
			sourceTree = "<group>";
		};
		DD1223472C10CF9300A5C93B /* Products */ = {
			isa = PBXGroup;
			children = (
				DD1223462C10CF9300A5C93B /* ContactsApp.app */,
				DD12235F2C10CF9500A5C93B /* ContactsAppTests.xctest */,
				DD1223692C10CF9500A5C93B /* ContactsAppUITests.xctest */,
			);
			name = Products;
			sourceTree = "<group>";
		};
		DD1223482C10CF9300A5C93B /* ContactsApp */ = {
			isa = PBXGroup;
			children = (
				DD72B98E2C18CD9F003FBB46 /* Services */,
				DD09348D2C245FF700FD84FF /* ViewModels */,
				DD66DCFD2C3493E000EA3EDB /* Views */,
				DD66DCFF2C34956C00EA3EDB /* Constants */,
				DD0DB21B2C24A7820058A001 /* Extensions */,
				DD5DCF222C35D60D007A33BC /* Resources */,
				DD66DD062C35A44400EA3EDB /* SupportingFiles */,
			);
			path = ContactsApp;
			sourceTree = "<group>";
		};
		DD1223622C10CF9500A5C93B /* ContactsAppTests */ = {
			isa = PBXGroup;
			children = (
				DD1223632C10CF9500A5C93B /* ContactsAppTests.swift */,
			);
			path = ContactsAppTests;
			sourceTree = "<group>";
		};
		DD12236C2C10CF9500A5C93B /* ContactsAppUITests */ = {
			isa = PBXGroup;
			children = (
				DD12236D2C10CF9500A5C93B /* ContactsAppUITests.swift */,
				DD12236F2C10CF9500A5C93B /* ContactsAppUITestsLaunchTests.swift */,
			);
			path = ContactsAppUITests;
			sourceTree = "<group>";
		};
		DD5DCF222C35D60D007A33BC /* Resources */ = {
			isa = PBXGroup;
			children = (
				DD5DCF232C35D647007A33BC /* Fonts */,
			);
			path = Resources;
			sourceTree = "<group>";
		};
		DD5DCF232C35D647007A33BC /* Fonts */ = {
			isa = PBXGroup;
			children = (
				DD5DCF282C35D8A8007A33BC /* Manrope-Bold.ttf */,
				DD73768B2C3C53B300791B0E /* Manrope-ExtraBold.ttf */,
				DD5DCF2A2C35D8C7007A33BC /* Manrope-Medium.ttf */,
			);
			path = Fonts;
			sourceTree = "<group>";
		};
		DD66DCFD2C3493E000EA3EDB /* Views */ = {
			isa = PBXGroup;
			children = (
				DD66DCFE2C34949500EA3EDB /* Controllers */,
			);
			path = Views;
			sourceTree = "<group>";
		};
		DD66DCFE2C34949500EA3EDB /* Controllers */ = {
			isa = PBXGroup;
			children = (
				DD12234D2C10CF9300A5C93B /* ContactsViewController.swift */,
			);
			path = Controllers;
			sourceTree = "<group>";
		};
		DD66DCFF2C34956C00EA3EDB /* Constants */ = {
			isa = PBXGroup;
			children = (
				DD66DD002C3496A800EA3EDB /* GlobalConstans.swift */,
			);
			path = Constants;
			sourceTree = "<group>";
		};
		DD66DD062C35A44400EA3EDB /* SupportingFiles */ = {
			isa = PBXGroup;
			children = (
				DD12235A2C10CF9400A5C93B /* Info.plist */,
				DD1223492C10CF9300A5C93B /* AppDelegate.swift */,
				DD12234B2C10CF9300A5C93B /* SceneDelegate.swift */,
				DD1223552C10CF9400A5C93B /* Assets.xcassets */,
				DD1223572C10CF9400A5C93B /* LaunchScreen.storyboard */,
			);
			path = SupportingFiles;
			sourceTree = "<group>";
		};
		DD66DD072C35A4BD00EA3EDB /* Entities */ = {
			isa = PBXGroup;
			children = (
				DD09911E2C1A36DF009DEBA0 /* ContactsApp.xcdatamodeld */,
			);
			path = Entities;
			sourceTree = "<group>";
		};
		DD72B98E2C18CD9F003FBB46 /* Services */ = {
			isa = PBXGroup;
			children = (
				DD72B98C2C18C998003FBB46 /* CoreDataService.swift */,
				DD0991222C1A37F0009DEBA0 /* Contact+CoreDataProperties.swift */,
				DD0991212C1A37F0009DEBA0 /* Contact+CoreDataClass.swift */,
				DD66DD072C35A4BD00EA3EDB /* Entities */,
			);
			path = Services;
			sourceTree = "<group>";
		};
/* End PBXGroup section */

/* Begin PBXNativeTarget section */
		DD1223452C10CF9300A5C93B /* ContactsApp */ = {
			isa = PBXNativeTarget;
			buildConfigurationList = DD1223732C10CF9500A5C93B /* Build configuration list for PBXNativeTarget "ContactsApp" */;
			buildPhases = (
				9E6E26CFD25CFBB8C768B4C0 /* [CP] Check Pods Manifest.lock */,
				DD1223422C10CF9300A5C93B /* Sources */,
				DD1223432C10CF9300A5C93B /* Frameworks */,
				DD1223442C10CF9300A5C93B /* Resources */,
				8EF51B780F0EE89995CCE4C3 /* [CP] Embed Pods Frameworks */,
			);
			buildRules = (
			);
			dependencies = (
			);
			name = ContactsApp;
			productName = ContactsApp;
			productReference = DD1223462C10CF9300A5C93B /* ContactsApp.app */;
			productType = "com.apple.product-type.application";
		};
		DD12235E2C10CF9500A5C93B /* ContactsAppTests */ = {
			isa = PBXNativeTarget;
			buildConfigurationList = DD1223762C10CF9500A5C93B /* Build configuration list for PBXNativeTarget "ContactsAppTests" */;
			buildPhases = (
				E335744808CC5885D1EA319B /* [CP] Check Pods Manifest.lock */,
				DD12235B2C10CF9500A5C93B /* Sources */,
				DD12235C2C10CF9500A5C93B /* Frameworks */,
				DD12235D2C10CF9500A5C93B /* Resources */,
			);
			buildRules = (
			);
			dependencies = (
				DD1223612C10CF9500A5C93B /* PBXTargetDependency */,
			);
			name = ContactsAppTests;
			productName = ContactsAppTests;
			productReference = DD12235F2C10CF9500A5C93B /* ContactsAppTests.xctest */;
			productType = "com.apple.product-type.bundle.unit-test";
		};
		DD1223682C10CF9500A5C93B /* ContactsAppUITests */ = {
			isa = PBXNativeTarget;
			buildConfigurationList = DD1223792C10CF9500A5C93B /* Build configuration list for PBXNativeTarget "ContactsAppUITests" */;
			buildPhases = (
				06BA50184214742850CB1DFA /* [CP] Check Pods Manifest.lock */,
				DD1223652C10CF9500A5C93B /* Sources */,
				DD1223662C10CF9500A5C93B /* Frameworks */,
				DD1223672C10CF9500A5C93B /* Resources */,
				6E707196E6A6734894BDB9E3 /* [CP] Embed Pods Frameworks */,
			);
			buildRules = (
			);
			dependencies = (
				DD12236B2C10CF9500A5C93B /* PBXTargetDependency */,
			);
			name = ContactsAppUITests;
			productName = ContactsAppUITests;
			productReference = DD1223692C10CF9500A5C93B /* ContactsAppUITests.xctest */;
			productType = "com.apple.product-type.bundle.ui-testing";
		};
/* End PBXNativeTarget section */

/* Begin PBXProject section */
		DD12233E2C10CF9300A5C93B /* Project object */ = {
			isa = PBXProject;
			attributes = {
				BuildIndependentTargetsInParallel = 1;
				LastSwiftUpdateCheck = 1540;
				LastUpgradeCheck = 1540;
				TargetAttributes = {
					DD1223452C10CF9300A5C93B = {
						CreatedOnToolsVersion = 15.4;
					};
					DD12235E2C10CF9500A5C93B = {
						CreatedOnToolsVersion = 15.4;
						TestTargetID = DD1223452C10CF9300A5C93B;
					};
					DD1223682C10CF9500A5C93B = {
						CreatedOnToolsVersion = 15.4;
						TestTargetID = DD1223452C10CF9300A5C93B;
					};
				};
			};
			buildConfigurationList = DD1223412C10CF9300A5C93B /* Build configuration list for PBXProject "ContactsApp" */;
			compatibilityVersion = "Xcode 14.0";
			developmentRegion = en;
			hasScannedForEncodings = 0;
			knownRegions = (
				en,
				Base,
			);
			mainGroup = DD12233D2C10CF9300A5C93B;
			productRefGroup = DD1223472C10CF9300A5C93B /* Products */;
			projectDirPath = "";
			projectRoot = "";
			targets = (
				DD1223452C10CF9300A5C93B /* ContactsApp */,
				DD12235E2C10CF9500A5C93B /* ContactsAppTests */,
				DD1223682C10CF9500A5C93B /* ContactsAppUITests */,
			);
		};
/* End PBXProject section */

/* Begin PBXResourcesBuildPhase section */
		DD1223442C10CF9300A5C93B /* Resources */ = {
			isa = PBXResourcesBuildPhase;
			buildActionMask = 2147483647;
			files = (
				DD73768C2C3C53B300791B0E /* Manrope-ExtraBold.ttf in Resources */,
				DD1223562C10CF9400A5C93B /* Assets.xcassets in Resources */,
				DD5DCF292C35D8A8007A33BC /* Manrope-Bold.ttf in Resources */,
				DD5DCF2B2C35D8C7007A33BC /* Manrope-Medium.ttf in Resources */,
				DD1223592C10CF9400A5C93B /* Base in Resources */,
			);
			runOnlyForDeploymentPostprocessing = 0;
		};
		DD12235D2C10CF9500A5C93B /* Resources */ = {
			isa = PBXResourcesBuildPhase;
			buildActionMask = 2147483647;
			files = (
			);
			runOnlyForDeploymentPostprocessing = 0;
		};
		DD1223672C10CF9500A5C93B /* Resources */ = {
			isa = PBXResourcesBuildPhase;
			buildActionMask = 2147483647;
			files = (
			);
			runOnlyForDeploymentPostprocessing = 0;
		};
/* End PBXResourcesBuildPhase section */

/* Begin PBXShellScriptBuildPhase section */
		06BA50184214742850CB1DFA /* [CP] Check Pods Manifest.lock */ = {
			isa = PBXShellScriptBuildPhase;
			buildActionMask = 2147483647;
			files = (
			);
			inputFileListPaths = (
			);
			inputPaths = (
				"${PODS_PODFILE_DIR_PATH}/Podfile.lock",
				"${PODS_ROOT}/Manifest.lock",
			);
			name = "[CP] Check Pods Manifest.lock";
			outputFileListPaths = (
			);
			outputPaths = (
				"$(DERIVED_FILE_DIR)/Pods-ContactsApp-ContactsAppUITests-checkManifestLockResult.txt",
			);
			runOnlyForDeploymentPostprocessing = 0;
			shellPath = /bin/sh;
			shellScript = "diff \"${PODS_PODFILE_DIR_PATH}/Podfile.lock\" \"${PODS_ROOT}/Manifest.lock\" > /dev/null\nif [ $? != 0 ] ; then\n    # print error to STDERR\n    echo \"error: The sandbox is not in sync with the Podfile.lock. Run 'pod install' or update your CocoaPods installation.\" >&2\n    exit 1\nfi\n# This output is used by Xcode 'outputs' to avoid re-running this script phase.\necho \"SUCCESS\" > \"${SCRIPT_OUTPUT_FILE_0}\"\n";
			showEnvVarsInLog = 0;
		};
		6E707196E6A6734894BDB9E3 /* [CP] Embed Pods Frameworks */ = {
			isa = PBXShellScriptBuildPhase;
			buildActionMask = 2147483647;
			files = (
			);
			inputFileListPaths = (
				"${PODS_ROOT}/Target Support Files/Pods-ContactsApp-ContactsAppUITests/Pods-ContactsApp-ContactsAppUITests-frameworks-${CONFIGURATION}-input-files.xcfilelist",
			);
			name = "[CP] Embed Pods Frameworks";
			outputFileListPaths = (
				"${PODS_ROOT}/Target Support Files/Pods-ContactsApp-ContactsAppUITests/Pods-ContactsApp-ContactsAppUITests-frameworks-${CONFIGURATION}-output-files.xcfilelist",
			);
			runOnlyForDeploymentPostprocessing = 0;
			shellPath = /bin/sh;
			shellScript = "\"${PODS_ROOT}/Target Support Files/Pods-ContactsApp-ContactsAppUITests/Pods-ContactsApp-ContactsAppUITests-frameworks.sh\"\n";
			showEnvVarsInLog = 0;
		};
		8EF51B780F0EE89995CCE4C3 /* [CP] Embed Pods Frameworks */ = {
			isa = PBXShellScriptBuildPhase;
			buildActionMask = 2147483647;
			files = (
			);
			inputFileListPaths = (
				"${PODS_ROOT}/Target Support Files/Pods-ContactsApp/Pods-ContactsApp-frameworks-${CONFIGURATION}-input-files.xcfilelist",
			);
			name = "[CP] Embed Pods Frameworks";
			outputFileListPaths = (
				"${PODS_ROOT}/Target Support Files/Pods-ContactsApp/Pods-ContactsApp-frameworks-${CONFIGURATION}-output-files.xcfilelist",
			);
			runOnlyForDeploymentPostprocessing = 0;
			shellPath = /bin/sh;
			shellScript = "\"${PODS_ROOT}/Target Support Files/Pods-ContactsApp/Pods-ContactsApp-frameworks.sh\"\n";
			showEnvVarsInLog = 0;
		};
		9E6E26CFD25CFBB8C768B4C0 /* [CP] Check Pods Manifest.lock */ = {
			isa = PBXShellScriptBuildPhase;
			buildActionMask = 2147483647;
			files = (
			);
			inputFileListPaths = (
			);
			inputPaths = (
				"${PODS_PODFILE_DIR_PATH}/Podfile.lock",
				"${PODS_ROOT}/Manifest.lock",
			);
			name = "[CP] Check Pods Manifest.lock";
			outputFileListPaths = (
			);
			outputPaths = (
				"$(DERIVED_FILE_DIR)/Pods-ContactsApp-checkManifestLockResult.txt",
			);
			runOnlyForDeploymentPostprocessing = 0;
			shellPath = /bin/sh;
			shellScript = "diff \"${PODS_PODFILE_DIR_PATH}/Podfile.lock\" \"${PODS_ROOT}/Manifest.lock\" > /dev/null\nif [ $? != 0 ] ; then\n    # print error to STDERR\n    echo \"error: The sandbox is not in sync with the Podfile.lock. Run 'pod install' or update your CocoaPods installation.\" >&2\n    exit 1\nfi\n# This output is used by Xcode 'outputs' to avoid re-running this script phase.\necho \"SUCCESS\" > \"${SCRIPT_OUTPUT_FILE_0}\"\n";
			showEnvVarsInLog = 0;
		};
		E335744808CC5885D1EA319B /* [CP] Check Pods Manifest.lock */ = {
			isa = PBXShellScriptBuildPhase;
			buildActionMask = 2147483647;
			files = (
			);
			inputFileListPaths = (
			);
			inputPaths = (
				"${PODS_PODFILE_DIR_PATH}/Podfile.lock",
				"${PODS_ROOT}/Manifest.lock",
			);
			name = "[CP] Check Pods Manifest.lock";
			outputFileListPaths = (
			);
			outputPaths = (
				"$(DERIVED_FILE_DIR)/Pods-ContactsAppTests-checkManifestLockResult.txt",
			);
			runOnlyForDeploymentPostprocessing = 0;
			shellPath = /bin/sh;
			shellScript = "diff \"${PODS_PODFILE_DIR_PATH}/Podfile.lock\" \"${PODS_ROOT}/Manifest.lock\" > /dev/null\nif [ $? != 0 ] ; then\n    # print error to STDERR\n    echo \"error: The sandbox is not in sync with the Podfile.lock. Run 'pod install' or update your CocoaPods installation.\" >&2\n    exit 1\nfi\n# This output is used by Xcode 'outputs' to avoid re-running this script phase.\necho \"SUCCESS\" > \"${SCRIPT_OUTPUT_FILE_0}\"\n";
			showEnvVarsInLog = 0;
		};
/* End PBXShellScriptBuildPhase section */

/* Begin PBXSourcesBuildPhase section */
		DD1223422C10CF9300A5C93B /* Sources */ = {
			isa = PBXSourcesBuildPhase;
			buildActionMask = 2147483647;
			files = (
				DD0991202C1A36DF009DEBA0 /* ContactsApp.xcdatamodeld in Sources */,
				DD73768E2C3C6F0600791B0E /* ResizeImage.swift in Sources */,
				DD72B98D2C18C998003FBB46 /* CoreDataService.swift in Sources */,
				DD0991232C1A37F0009DEBA0 /* Contact+CoreDataClass.swift in Sources */,
				DD0991242C1A37F0009DEBA0 /* Contact+CoreDataProperties.swift in Sources */,
				DD12234E2C10CF9300A5C93B /* ContactsViewController.swift in Sources */,
				DD66DD012C3496A800EA3EDB /* GlobalConstans.swift in Sources */,
				DD09348C2C245FE300FD84FF /* ContactsViewModel.swift in Sources */,
				DD12234A2C10CF9300A5C93B /* AppDelegate.swift in Sources */,
				DD0DB21A2C24A6880058A001 /* NotificationNames.swift in Sources */,
				DD66DD052C352A4C00EA3EDB /* UIColor+hexString.swift in Sources */,
				DD12234C2C10CF9300A5C93B /* SceneDelegate.swift in Sources */,
			);
			runOnlyForDeploymentPostprocessing = 0;
		};
		DD12235B2C10CF9500A5C93B /* Sources */ = {
			isa = PBXSourcesBuildPhase;
			buildActionMask = 2147483647;
			files = (
				DD1223642C10CF9500A5C93B /* ContactsAppTests.swift in Sources */,
			);
			runOnlyForDeploymentPostprocessing = 0;
		};
		DD1223652C10CF9500A5C93B /* Sources */ = {
			isa = PBXSourcesBuildPhase;
			buildActionMask = 2147483647;
			files = (
				DD12236E2C10CF9500A5C93B /* ContactsAppUITests.swift in Sources */,
				DD1223702C10CF9500A5C93B /* ContactsAppUITestsLaunchTests.swift in Sources */,
			);
			runOnlyForDeploymentPostprocessing = 0;
		};
/* End PBXSourcesBuildPhase section */

/* Begin PBXTargetDependency section */
		DD1223612C10CF9500A5C93B /* PBXTargetDependency */ = {
			isa = PBXTargetDependency;
			target = DD1223452C10CF9300A5C93B /* ContactsApp */;
			targetProxy = DD1223602C10CF9500A5C93B /* PBXContainerItemProxy */;
		};
		DD12236B2C10CF9500A5C93B /* PBXTargetDependency */ = {
			isa = PBXTargetDependency;
			target = DD1223452C10CF9300A5C93B /* ContactsApp */;
			targetProxy = DD12236A2C10CF9500A5C93B /* PBXContainerItemProxy */;
		};
/* End PBXTargetDependency section */

/* Begin PBXVariantGroup section */
		DD1223572C10CF9400A5C93B /* LaunchScreen.storyboard */ = {
			isa = PBXVariantGroup;
			children = (
				DD1223582C10CF9400A5C93B /* Base */,
			);
			name = LaunchScreen.storyboard;
			sourceTree = "<group>";
		};
/* End PBXVariantGroup section */

/* Begin XCBuildConfiguration section */
		DD1223712C10CF9500A5C93B /* Debug */ = {
			isa = XCBuildConfiguration;
			buildSettings = {
				ALWAYS_SEARCH_USER_PATHS = NO;
				ASSETCATALOG_COMPILER_GENERATE_SWIFT_ASSET_SYMBOL_EXTENSIONS = YES;
				CLANG_ANALYZER_NONNULL = YES;
				CLANG_ANALYZER_NUMBER_OBJECT_CONVERSION = YES_AGGRESSIVE;
				CLANG_CXX_LANGUAGE_STANDARD = "gnu++20";
				CLANG_ENABLE_MODULES = YES;
				CLANG_ENABLE_OBJC_ARC = YES;
				CLANG_ENABLE_OBJC_WEAK = YES;
				CLANG_WARN_BLOCK_CAPTURE_AUTORELEASING = YES;
				CLANG_WARN_BOOL_CONVERSION = YES;
				CLANG_WARN_COMMA = YES;
				CLANG_WARN_CONSTANT_CONVERSION = YES;
				CLANG_WARN_DEPRECATED_OBJC_IMPLEMENTATIONS = YES;
				CLANG_WARN_DIRECT_OBJC_ISA_USAGE = YES_ERROR;
				CLANG_WARN_DOCUMENTATION_COMMENTS = YES;
				CLANG_WARN_EMPTY_BODY = YES;
				CLANG_WARN_ENUM_CONVERSION = YES;
				CLANG_WARN_INFINITE_RECURSION = YES;
				CLANG_WARN_INT_CONVERSION = YES;
				CLANG_WARN_NON_LITERAL_NULL_CONVERSION = YES;
				CLANG_WARN_OBJC_IMPLICIT_RETAIN_SELF = YES;
				CLANG_WARN_OBJC_LITERAL_CONVERSION = YES;
				CLANG_WARN_OBJC_ROOT_CLASS = YES_ERROR;
				CLANG_WARN_QUOTED_INCLUDE_IN_FRAMEWORK_HEADER = YES;
				CLANG_WARN_RANGE_LOOP_ANALYSIS = YES;
				CLANG_WARN_STRICT_PROTOTYPES = YES;
				CLANG_WARN_SUSPICIOUS_MOVE = YES;
				CLANG_WARN_UNGUARDED_AVAILABILITY = YES_AGGRESSIVE;
				CLANG_WARN_UNREACHABLE_CODE = YES;
				CLANG_WARN__DUPLICATE_METHOD_MATCH = YES;
				COPY_PHASE_STRIP = NO;
				DEBUG_INFORMATION_FORMAT = dwarf;
				ENABLE_STRICT_OBJC_MSGSEND = YES;
				ENABLE_TESTABILITY = YES;
				ENABLE_USER_SCRIPT_SANDBOXING = YES;
				GCC_C_LANGUAGE_STANDARD = gnu17;
				GCC_DYNAMIC_NO_PIC = NO;
				GCC_NO_COMMON_BLOCKS = YES;
				GCC_OPTIMIZATION_LEVEL = 0;
				GCC_PREPROCESSOR_DEFINITIONS = (
					"DEBUG=1",
					"$(inherited)",
				);
				GCC_WARN_64_TO_32_BIT_CONVERSION = YES;
				GCC_WARN_ABOUT_RETURN_TYPE = YES_ERROR;
				GCC_WARN_UNDECLARED_SELECTOR = YES;
				GCC_WARN_UNINITIALIZED_AUTOS = YES_AGGRESSIVE;
				GCC_WARN_UNUSED_FUNCTION = YES;
				GCC_WARN_UNUSED_VARIABLE = YES;
				IPHONEOS_DEPLOYMENT_TARGET = 17.5;
				LOCALIZATION_PREFERS_STRING_CATALOGS = YES;
				MTL_ENABLE_DEBUG_INFO = INCLUDE_SOURCE;
				MTL_FAST_MATH = YES;
				ONLY_ACTIVE_ARCH = YES;
				SDKROOT = iphoneos;
				SWIFT_ACTIVE_COMPILATION_CONDITIONS = "DEBUG $(inherited)";
				SWIFT_OPTIMIZATION_LEVEL = "-Onone";
			};
			name = Debug;
		};
		DD1223722C10CF9500A5C93B /* Release */ = {
			isa = XCBuildConfiguration;
			buildSettings = {
				ALWAYS_SEARCH_USER_PATHS = NO;
				ASSETCATALOG_COMPILER_GENERATE_SWIFT_ASSET_SYMBOL_EXTENSIONS = YES;
				CLANG_ANALYZER_NONNULL = YES;
				CLANG_ANALYZER_NUMBER_OBJECT_CONVERSION = YES_AGGRESSIVE;
				CLANG_CXX_LANGUAGE_STANDARD = "gnu++20";
				CLANG_ENABLE_MODULES = YES;
				CLANG_ENABLE_OBJC_ARC = YES;
				CLANG_ENABLE_OBJC_WEAK = YES;
				CLANG_WARN_BLOCK_CAPTURE_AUTORELEASING = YES;
				CLANG_WARN_BOOL_CONVERSION = YES;
				CLANG_WARN_COMMA = YES;
				CLANG_WARN_CONSTANT_CONVERSION = YES;
				CLANG_WARN_DEPRECATED_OBJC_IMPLEMENTATIONS = YES;
				CLANG_WARN_DIRECT_OBJC_ISA_USAGE = YES_ERROR;
				CLANG_WARN_DOCUMENTATION_COMMENTS = YES;
				CLANG_WARN_EMPTY_BODY = YES;
				CLANG_WARN_ENUM_CONVERSION = YES;
				CLANG_WARN_INFINITE_RECURSION = YES;
				CLANG_WARN_INT_CONVERSION = YES;
				CLANG_WARN_NON_LITERAL_NULL_CONVERSION = YES;
				CLANG_WARN_OBJC_IMPLICIT_RETAIN_SELF = YES;
				CLANG_WARN_OBJC_LITERAL_CONVERSION = YES;
				CLANG_WARN_OBJC_ROOT_CLASS = YES_ERROR;
				CLANG_WARN_QUOTED_INCLUDE_IN_FRAMEWORK_HEADER = YES;
				CLANG_WARN_RANGE_LOOP_ANALYSIS = YES;
				CLANG_WARN_STRICT_PROTOTYPES = YES;
				CLANG_WARN_SUSPICIOUS_MOVE = YES;
				CLANG_WARN_UNGUARDED_AVAILABILITY = YES_AGGRESSIVE;
				CLANG_WARN_UNREACHABLE_CODE = YES;
				CLANG_WARN__DUPLICATE_METHOD_MATCH = YES;
				COPY_PHASE_STRIP = NO;
				DEBUG_INFORMATION_FORMAT = "dwarf-with-dsym";
				ENABLE_NS_ASSERTIONS = NO;
				ENABLE_STRICT_OBJC_MSGSEND = YES;
				ENABLE_USER_SCRIPT_SANDBOXING = YES;
				GCC_C_LANGUAGE_STANDARD = gnu17;
				GCC_NO_COMMON_BLOCKS = YES;
				GCC_WARN_64_TO_32_BIT_CONVERSION = YES;
				GCC_WARN_ABOUT_RETURN_TYPE = YES_ERROR;
				GCC_WARN_UNDECLARED_SELECTOR = YES;
				GCC_WARN_UNINITIALIZED_AUTOS = YES_AGGRESSIVE;
				GCC_WARN_UNUSED_FUNCTION = YES;
				GCC_WARN_UNUSED_VARIABLE = YES;
				IPHONEOS_DEPLOYMENT_TARGET = 17.5;
				LOCALIZATION_PREFERS_STRING_CATALOGS = YES;
				MTL_ENABLE_DEBUG_INFO = NO;
				MTL_FAST_MATH = YES;
				SDKROOT = iphoneos;
				SWIFT_COMPILATION_MODE = wholemodule;
				VALIDATE_PRODUCT = YES;
			};
			name = Release;
		};
		DD1223742C10CF9500A5C93B /* Debug */ = {
			isa = XCBuildConfiguration;
			baseConfigurationReference = 1130A582B3483608C9BFF669 /* Pods-ContactsApp.debug.xcconfig */;
			buildSettings = {
				ASSETCATALOG_COMPILER_APPICON_NAME = AppIcon;
				ASSETCATALOG_COMPILER_GLOBAL_ACCENT_COLOR_NAME = AccentColor;
				CODE_SIGN_STYLE = Automatic;
				CURRENT_PROJECT_VERSION = 1;
				DEVELOPMENT_TEAM = D28SS25G7Y;
				ENABLE_USER_SCRIPT_SANDBOXING = NO;
				GENERATE_INFOPLIST_FILE = YES;
				INFOPLIST_FILE = ContactsApp/SupportingFiles/Info.plist;
				INFOPLIST_KEY_UIApplicationSupportsIndirectInputEvents = YES;
				INFOPLIST_KEY_UILaunchStoryboardName = LaunchScreen;
				INFOPLIST_KEY_UISupportedInterfaceOrientations_iPad = "UIInterfaceOrientationPortrait UIInterfaceOrientationPortraitUpsideDown UIInterfaceOrientationLandscapeLeft UIInterfaceOrientationLandscapeRight";
				INFOPLIST_KEY_UISupportedInterfaceOrientations_iPhone = "UIInterfaceOrientationPortrait UIInterfaceOrientationLandscapeLeft UIInterfaceOrientationLandscapeRight";
				LD_RUNPATH_SEARCH_PATHS = (
					"$(inherited)",
					"@executable_path/Frameworks",
				);
				MARKETING_VERSION = 1.0;
				PRODUCT_BUNDLE_IDENTIFIER = Vadym.ContactsApp;
				PRODUCT_NAME = "$(TARGET_NAME)";
				SWIFT_EMIT_LOC_STRINGS = YES;
				SWIFT_VERSION = 5.0;
				TARGETED_DEVICE_FAMILY = "1,2";
			};
			name = Debug;
		};
		DD1223752C10CF9500A5C93B /* Release */ = {
			isa = XCBuildConfiguration;
			baseConfigurationReference = 5059F97C04259629C25F6B60 /* Pods-ContactsApp.release.xcconfig */;
			buildSettings = {
				ASSETCATALOG_COMPILER_APPICON_NAME = AppIcon;
				ASSETCATALOG_COMPILER_GLOBAL_ACCENT_COLOR_NAME = AccentColor;
				CODE_SIGN_STYLE = Automatic;
				CURRENT_PROJECT_VERSION = 1;
				DEVELOPMENT_TEAM = D28SS25G7Y;
				ENABLE_USER_SCRIPT_SANDBOXING = NO;
				GENERATE_INFOPLIST_FILE = YES;
				INFOPLIST_FILE = ContactsApp/SupportingFiles/Info.plist;
				INFOPLIST_KEY_UIApplicationSupportsIndirectInputEvents = YES;
				INFOPLIST_KEY_UILaunchStoryboardName = LaunchScreen;
				INFOPLIST_KEY_UISupportedInterfaceOrientations_iPad = "UIInterfaceOrientationPortrait UIInterfaceOrientationPortraitUpsideDown UIInterfaceOrientationLandscapeLeft UIInterfaceOrientationLandscapeRight";
				INFOPLIST_KEY_UISupportedInterfaceOrientations_iPhone = "UIInterfaceOrientationPortrait UIInterfaceOrientationLandscapeLeft UIInterfaceOrientationLandscapeRight";
				LD_RUNPATH_SEARCH_PATHS = (
					"$(inherited)",
					"@executable_path/Frameworks",
				);
				MARKETING_VERSION = 1.0;
				PRODUCT_BUNDLE_IDENTIFIER = Vadym.ContactsApp;
				PRODUCT_NAME = "$(TARGET_NAME)";
				SWIFT_EMIT_LOC_STRINGS = YES;
				SWIFT_VERSION = 5.0;
				TARGETED_DEVICE_FAMILY = "1,2";
			};
			name = Release;
		};
		DD1223772C10CF9500A5C93B /* Debug */ = {
			isa = XCBuildConfiguration;
			baseConfigurationReference = 04B028FDC41AA1ECB37B2E02 /* Pods-ContactsAppTests.debug.xcconfig */;
			buildSettings = {
				ALWAYS_EMBED_SWIFT_STANDARD_LIBRARIES = YES;
				BUNDLE_LOADER = "$(TEST_HOST)";
				CODE_SIGN_STYLE = Automatic;
				CURRENT_PROJECT_VERSION = 1;
				DEVELOPMENT_TEAM = D28SS25G7Y;
				GENERATE_INFOPLIST_FILE = YES;
				IPHONEOS_DEPLOYMENT_TARGET = 17.5;
				MARKETING_VERSION = 1.0;
				PRODUCT_BUNDLE_IDENTIFIER = Vadym.ContactsAppTests;
				PRODUCT_NAME = "$(TARGET_NAME)";
				SWIFT_EMIT_LOC_STRINGS = NO;
				SWIFT_VERSION = 5.0;
				TARGETED_DEVICE_FAMILY = "1,2";
				TEST_HOST = "$(BUILT_PRODUCTS_DIR)/ContactsApp.app/$(BUNDLE_EXECUTABLE_FOLDER_PATH)/ContactsApp";
			};
			name = Debug;
		};
		DD1223782C10CF9500A5C93B /* Release */ = {
			isa = XCBuildConfiguration;
			baseConfigurationReference = 1EC91540B630CD1EA4EDDC63 /* Pods-ContactsAppTests.release.xcconfig */;
			buildSettings = {
				ALWAYS_EMBED_SWIFT_STANDARD_LIBRARIES = YES;
				BUNDLE_LOADER = "$(TEST_HOST)";
				CODE_SIGN_STYLE = Automatic;
				CURRENT_PROJECT_VERSION = 1;
				DEVELOPMENT_TEAM = D28SS25G7Y;
				GENERATE_INFOPLIST_FILE = YES;
				IPHONEOS_DEPLOYMENT_TARGET = 17.5;
				MARKETING_VERSION = 1.0;
				PRODUCT_BUNDLE_IDENTIFIER = Vadym.ContactsAppTests;
				PRODUCT_NAME = "$(TARGET_NAME)";
				SWIFT_EMIT_LOC_STRINGS = NO;
				SWIFT_VERSION = 5.0;
				TARGETED_DEVICE_FAMILY = "1,2";
				TEST_HOST = "$(BUILT_PRODUCTS_DIR)/ContactsApp.app/$(BUNDLE_EXECUTABLE_FOLDER_PATH)/ContactsApp";
			};
			name = Release;
		};
		DD12237A2C10CF9500A5C93B /* Debug */ = {
			isa = XCBuildConfiguration;
			baseConfigurationReference = C3E67EFA978D4DE40B8613E9 /* Pods-ContactsApp-ContactsAppUITests.debug.xcconfig */;
			buildSettings = {
				ALWAYS_EMBED_SWIFT_STANDARD_LIBRARIES = YES;
				CODE_SIGN_STYLE = Automatic;
				CURRENT_PROJECT_VERSION = 1;
				DEVELOPMENT_TEAM = D28SS25G7Y;
				GENERATE_INFOPLIST_FILE = YES;
				MARKETING_VERSION = 1.0;
				PRODUCT_BUNDLE_IDENTIFIER = Vadym.ContactsAppUITests;
				PRODUCT_NAME = "$(TARGET_NAME)";
				SWIFT_EMIT_LOC_STRINGS = NO;
				SWIFT_VERSION = 5.0;
				TARGETED_DEVICE_FAMILY = "1,2";
				TEST_TARGET_NAME = ContactsApp;
			};
			name = Debug;
		};
		DD12237B2C10CF9500A5C93B /* Release */ = {
			isa = XCBuildConfiguration;
			baseConfigurationReference = 205BDE4033F9E76C265BCCE8 /* Pods-ContactsApp-ContactsAppUITests.release.xcconfig */;
			buildSettings = {
				ALWAYS_EMBED_SWIFT_STANDARD_LIBRARIES = YES;
				CODE_SIGN_STYLE = Automatic;
				CURRENT_PROJECT_VERSION = 1;
				DEVELOPMENT_TEAM = D28SS25G7Y;
				GENERATE_INFOPLIST_FILE = YES;
				MARKETING_VERSION = 1.0;
				PRODUCT_BUNDLE_IDENTIFIER = Vadym.ContactsAppUITests;
				PRODUCT_NAME = "$(TARGET_NAME)";
				SWIFT_EMIT_LOC_STRINGS = NO;
				SWIFT_VERSION = 5.0;
				TARGETED_DEVICE_FAMILY = "1,2";
				TEST_TARGET_NAME = ContactsApp;
			};
			name = Release;
		};
/* End XCBuildConfiguration section */

/* Begin XCConfigurationList section */
		DD1223412C10CF9300A5C93B /* Build configuration list for PBXProject "ContactsApp" */ = {
			isa = XCConfigurationList;
			buildConfigurations = (
				DD1223712C10CF9500A5C93B /* Debug */,
				DD1223722C10CF9500A5C93B /* Release */,
			);
			defaultConfigurationIsVisible = 0;
			defaultConfigurationName = Release;
		};
		DD1223732C10CF9500A5C93B /* Build configuration list for PBXNativeTarget "ContactsApp" */ = {
			isa = XCConfigurationList;
			buildConfigurations = (
				DD1223742C10CF9500A5C93B /* Debug */,
				DD1223752C10CF9500A5C93B /* Release */,
			);
			defaultConfigurationIsVisible = 0;
			defaultConfigurationName = Release;
		};
		DD1223762C10CF9500A5C93B /* Build configuration list for PBXNativeTarget "ContactsAppTests" */ = {
			isa = XCConfigurationList;
			buildConfigurations = (
				DD1223772C10CF9500A5C93B /* Debug */,
				DD1223782C10CF9500A5C93B /* Release */,
			);
			defaultConfigurationIsVisible = 0;
			defaultConfigurationName = Release;
		};
		DD1223792C10CF9500A5C93B /* Build configuration list for PBXNativeTarget "ContactsAppUITests" */ = {
			isa = XCConfigurationList;
			buildConfigurations = (
				DD12237A2C10CF9500A5C93B /* Debug */,
				DD12237B2C10CF9500A5C93B /* Release */,
			);
			defaultConfigurationIsVisible = 0;
			defaultConfigurationName = Release;
		};
/* End XCConfigurationList section */

/* Begin XCVersionGroup section */
		DD09911E2C1A36DF009DEBA0 /* ContactsApp.xcdatamodeld */ = {
			isa = XCVersionGroup;
			children = (
				DD09911F2C1A36DF009DEBA0 /* ContactsApp.xcdatamodel */,
			);
			currentVersion = DD09911F2C1A36DF009DEBA0 /* ContactsApp.xcdatamodel */;
			path = ContactsApp.xcdatamodeld;
			sourceTree = "<group>";
			versionGroupType = wrapper.xcdatamodel;
		};
/* End XCVersionGroup section */
	};
	rootObject = DD12233E2C10CF9300A5C93B /* Project object */;
}
